
Microsoft Visual Studio Solution File, Format Version 12.00
# Visual Studio Version 17
VisualStudioVersion = 17.1.32328.378
MinimumVisualStudioVersion = 10.0.40219.1
Project("{FAE04EC0-301F-11D3-BF4B-00C04F79EFBC}") = "SM.Forms", "SM.Forms\SM.Forms.csproj", "{74162821-7E8C-4EAD-9B98-B67A500A55B1}"
EndProject
Project("{FAE04EC0-301F-11D3-BF4B-00C04F79EFBC}") = "SM.Models", "SM.Models\SM.Models.csproj", "{D4691C63-F95A-4A5A-A19E-A1DFE5A11FFC}"
EndProject
Project("{FAE04EC0-301F-11D3-BF4B-00C04F79EFBC}") = "SM.Infrastructures", "SM.Infrastructures\SM.Infrastructures.csproj", "{69D8A487-9954-45E1-B831-C3C8E06A1A13}"
EndProject
Project("{FAE04EC0-301F-11D3-BF4B-00C04F79EFBC}") = "SM.Shared", "SM.Shared\SM.Shared.csproj", "{EBD9C214-98CB-46CF-908E-3C32B9F48FD0}"
EndProject
Project("{FAE04EC0-301F-11D3-BF4B-00C04F79EFBC}") = "SM.Services", "SM.Services\SM.Services.csproj", "{9C2878FE-1C40-405F-A7D7-1AAEB9D54D91}"
EndProject
Global
	GlobalSection(SolutionConfigurationPlatforms) = preSolution
		Debug|Any CPU = Debug|Any CPU
		Release|Any CPU = Release|Any CPU
	EndGlobalSection
	GlobalSection(ProjectConfigurationPlatforms) = postSolution
		{74162821-7E8C-4EAD-9B98-B67A500A55B1}.Debug|Any CPU.ActiveCfg = Debug|Any CPU
		{74162821-7E8C-4EAD-9B98-B67A500A55B1}.Debug|Any CPU.Build.0 = Debug|Any CPU
		{74162821-7E8C-4EAD-9B98-B67A500A55B1}.Release|Any CPU.ActiveCfg = Release|Any CPU
		{74162821-7E8C-4EAD-9B98-B67A500A55B1}.Release|Any CPU.Build.0 = Release|Any CPU
		{D4691C63-F95A-4A5A-A19E-A1DFE5A11FFC}.Debug|Any CPU.ActiveCfg = Debug|Any CPU
		{D4691C63-F95A-4A5A-A19E-A1DFE5A11FFC}.Debug|Any CPU.Build.0 = Debug|Any CPU
		{D4691C63-F95A-4A5A-A19E-A1DFE5A11FFC}.Release|Any CPU.ActiveCfg = Release|Any CPU
		{D4691C63-F95A-4A5A-A19E-A1DFE5A11FFC}.Release|Any CPU.Build.0 = Release|Any CPU
		{69D8A487-9954-45E1-B831-C3C8E06A1A13}.Debug|Any CPU.ActiveCfg = Debug|Any CPU
		{69D8A487-9954-45E1-B831-C3C8E06A1A13}.Debug|Any CPU.Build.0 = Debug|Any CPU
		{69D8A487-9954-45E1-B831-C3C8E06A1A13}.Release|Any CPU.ActiveCfg = Release|Any CPU
		{69D8A487-9954-45E1-B831-C3C8E06A1A13}.Release|Any CPU.Build.0 = Release|Any CPU
		{EBD9C214-98CB-46CF-908E-3C32B9F48FD0}.Debug|Any CPU.ActiveCfg = Debug|Any CPU
		{EBD9C214-98CB-46CF-908E-3C32B9F48FD0}.Debug|Any CPU.Build.0 = Debug|Any CPU
		{EBD9C214-98CB-46CF-908E-3C32B9F48FD0}.Release|Any CPU.ActiveCfg = Release|Any CPU
		{EBD9C214-98CB-46CF-908E-3C32B9F48FD0}.Release|Any CPU.Build.0 = Release|Any CPU
		{9C2878FE-1C40-405F-A7D7-1AAEB9D54D91}.Debug|Any CPU.ActiveCfg = Debug|Any CPU
		{9C2878FE-1C40-405F-A7D7-1AAEB9D54D91}.Debug|Any CPU.Build.0 = Debug|Any CPU
		{9C2878FE-1C40-405F-A7D7-1AAEB9D54D91}.Release|Any CPU.ActiveCfg = Release|Any CPU
		{9C2878FE-1C40-405F-A7D7-1AAEB9D54D91}.Release|Any CPU.Build.0 = Release|Any CPU
	EndGlobalSection
	GlobalSection(SolutionProperties) = preSolution
		HideSolutionNode = FALSE
	EndGlobalSection
	GlobalSection(ExtensibilityGlobals) = postSolution
		SolutionGuid = {B0C15B21-4888-4DC2-847F-DD0DD278A9B5}
	EndGlobalSection
EndGlobal
